
Microsoft Visual Studio Solution File, Format Version 12.00
# Visual Studio Version 17
VisualStudioVersion = 17.8.34330.188
MinimumVisualStudioVersion = 10.0.40219.1
Project("{FAE04EC0-301F-11D3-BF4B-00C04F79EFBC}") = "Controle_Grupo", "Controle_Grupo\Controle_Grupo.csproj", "{10EF7BEB-61F7-4E1F-80CB-45C3DCFCD5B5}"
EndProject
Global
	GlobalSection(SolutionConfigurationPlatforms) = preSolution
		Debug|Any CPU = Debug|Any CPU
		Release|Any CPU = Release|Any CPU
	EndGlobalSection
	GlobalSection(ProjectConfigurationPlatforms) = postSolution
		{10EF7BEB-61F7-4E1F-80CB-45C3DCFCD5B5}.Debug|Any CPU.ActiveCfg = Debug|Any CPU
		{10EF7BEB-61F7-4E1F-80CB-45C3DCFCD5B5}.Debug|Any CPU.Build.0 = Debug|Any CPU
		{10EF7BEB-61F7-4E1F-80CB-45C3DCFCD5B5}.Release|Any CPU.ActiveCfg = Release|Any CPU
		{10EF7BEB-61F7-4E1F-80CB-45C3DCFCD5B5}.Release|Any CPU.Build.0 = Release|Any CPU
	EndGlobalSection
	GlobalSection(SolutionProperties) = preSolution
		HideSolutionNode = FALSE
	EndGlobalSection
	GlobalSection(ExtensibilityGlobals) = postSolution
		SolutionGuid = {F1E0C092-9FD7-4C91-9761-80FFDAA83E06}
	EndGlobalSection
EndGlobal
